// !$*UTF8*$!
{
	archiveVersion = 1;
	classes = {
	};
	objectVersion = 46;
	objects = {

/* Begin PBXBuildFile section */
		28039E1F1C71746A0073549B /* main.m in Sources */ = {isa = PBXBuildFile; fileRef = 28039E1E1C71746A0073549B /* main.m */; };
		28039E221C71746A0073549B /* AppDelegate.m in Sources */ = {isa = PBXBuildFile; fileRef = 28039E211C71746A0073549B /* AppDelegate.m */; };
		28039E2A1C71746A0073549B /* Assets.xcassets in Resources */ = {isa = PBXBuildFile; fileRef = 28039E291C71746A0073549B /* Assets.xcassets */; };
		28039E2D1C71746A0073549B /* LaunchScreen.storyboard in Resources */ = {isa = PBXBuildFile; fileRef = 28039E2B1C71746A0073549B /* LaunchScreen.storyboard */; };
		28039E381C71746A0073549B /* CustomModelTests.m in Sources */ = {isa = PBXBuildFile; fileRef = 28039E371C71746A0073549B /* CustomModelTests.m */; };
		28039E431C71746A0073549B /* CustomModelUITests.m in Sources */ = {isa = PBXBuildFile; fileRef = 28039E421C71746A0073549B /* CustomModelUITests.m */; };
		28039E621C7175190073549B /* CMBaseViewController.m in Sources */ = {isa = PBXBuildFile; fileRef = 28039E611C7175190073549B /* CMBaseViewController.m */; };
		28039E651C7175310073549B /* CMHomeViewController.m in Sources */ = {isa = PBXBuildFile; fileRef = 28039E641C7175310073549B /* CMHomeViewController.m */; };
		28039E681C7177D90073549B /* CMTabBarController.m in Sources */ = {isa = PBXBuildFile; fileRef = 28039E671C7177D90073549B /* CMTabBarController.m */; };
		28039E6E1C71B3360073549B /* CMHomeCollectionView.m in Sources */ = {isa = PBXBuildFile; fileRef = 28039E6D1C71B3360073549B /* CMHomeCollectionView.m */; };
		28039E991C71BADC0073549B /* MKAnnotationView+WebCache.m in Sources */ = {isa = PBXBuildFile; fileRef = 28039E791C71BADC0073549B /* MKAnnotationView+WebCache.m */; };
		28039E9A1C71BADC0073549B /* NSData+ImageContentType.m in Sources */ = {isa = PBXBuildFile; fileRef = 28039E7B1C71BADC0073549B /* NSData+ImageContentType.m */; };
		28039E9B1C71BADC0073549B /* SDImageCache.m in Sources */ = {isa = PBXBuildFile; fileRef = 28039E7D1C71BADC0073549B /* SDImageCache.m */; };
		28039E9C1C71BADC0073549B /* SDWebImageCompat.m in Sources */ = {isa = PBXBuildFile; fileRef = 28039E7F1C71BADC0073549B /* SDWebImageCompat.m */; };
		28039E9D1C71BADC0073549B /* SDWebImageDecoder.m in Sources */ = {isa = PBXBuildFile; fileRef = 28039E811C71BADC0073549B /* SDWebImageDecoder.m */; };
		28039E9E1C71BADC0073549B /* SDWebImageDownloader.m in Sources */ = {isa = PBXBuildFile; fileRef = 28039E831C71BADC0073549B /* SDWebImageDownloader.m */; };
		28039E9F1C71BADC0073549B /* SDWebImageDownloaderOperation.m in Sources */ = {isa = PBXBuildFile; fileRef = 28039E851C71BADC0073549B /* SDWebImageDownloaderOperation.m */; };
		28039EA01C71BADC0073549B /* SDWebImageManager.m in Sources */ = {isa = PBXBuildFile; fileRef = 28039E871C71BADC0073549B /* SDWebImageManager.m */; };
		28039EA11C71BADC0073549B /* SDWebImagePrefetcher.m in Sources */ = {isa = PBXBuildFile; fileRef = 28039E8A1C71BADC0073549B /* SDWebImagePrefetcher.m */; };
		28039EA21C71BADC0073549B /* UIButton+WebCache.m in Sources */ = {isa = PBXBuildFile; fileRef = 28039E8C1C71BADC0073549B /* UIButton+WebCache.m */; };
		28039EA31C71BADC0073549B /* UIImage+GIF.m in Sources */ = {isa = PBXBuildFile; fileRef = 28039E8E1C71BADC0073549B /* UIImage+GIF.m */; };
		28039EA41C71BADC0073549B /* UIImage+MultiFormat.m in Sources */ = {isa = PBXBuildFile; fileRef = 28039E901C71BADC0073549B /* UIImage+MultiFormat.m */; };
		28039EA51C71BADC0073549B /* UIImage+WebP.m in Sources */ = {isa = PBXBuildFile; fileRef = 28039E921C71BADC0073549B /* UIImage+WebP.m */; };
		28039EA61C71BADC0073549B /* UIImageView+HighlightedWebCache.m in Sources */ = {isa = PBXBuildFile; fileRef = 28039E941C71BADC0073549B /* UIImageView+HighlightedWebCache.m */; };
		28039EA71C71BADC0073549B /* UIImageView+WebCache.m in Sources */ = {isa = PBXBuildFile; fileRef = 28039E961C71BADC0073549B /* UIImageView+WebCache.m */; };
		28039EA81C71BADC0073549B /* UIView+WebCacheOperation.m in Sources */ = {isa = PBXBuildFile; fileRef = 28039E981C71BADC0073549B /* UIView+WebCacheOperation.m */; };
		28039EAC1C71BB2A0073549B /* CMHomeCell.m in Sources */ = {isa = PBXBuildFile; fileRef = 28039EAB1C71BB2A0073549B /* CMHomeCell.m */; };
		28039EAF1C71C3430073549B /* CMHomeCellModel.m in Sources */ = {isa = PBXBuildFile; fileRef = 28039EAE1C71C3430073549B /* CMHomeCellModel.m */; };
/* End PBXBuildFile section */

/* Begin PBXContainerItemProxy section */
		28039E341C71746A0073549B /* PBXContainerItemProxy */ = {
			isa = PBXContainerItemProxy;
			containerPortal = 28039E121C71746A0073549B /* Project object */;
			proxyType = 1;
			remoteGlobalIDString = 28039E191C71746A0073549B;
			remoteInfo = CustomModel;
		};
		28039E3F1C71746A0073549B /* PBXContainerItemProxy */ = {
			isa = PBXContainerItemProxy;
			containerPortal = 28039E121C71746A0073549B /* Project object */;
			proxyType = 1;
			remoteGlobalIDString = 28039E191C71746A0073549B;
			remoteInfo = CustomModel;
		};
/* End PBXContainerItemProxy section */

/* Begin PBXFileReference section */
		28039E1A1C71746A0073549B /* CustomModel.app */ = {isa = PBXFileReference; explicitFileType = wrapper.application; includeInIndex = 0; path = CustomModel.app; sourceTree = BUILT_PRODUCTS_DIR; };
		28039E1E1C71746A0073549B /* main.m */ = {isa = PBXFileReference; lastKnownFileType = sourcecode.c.objc; path = main.m; sourceTree = "<group>"; };
		28039E201C71746A0073549B /* AppDelegate.h */ = {isa = PBXFileReference; lastKnownFileType = sourcecode.c.h; path = AppDelegate.h; sourceTree = "<group>"; };
		28039E211C71746A0073549B /* AppDelegate.m */ = {isa = PBXFileReference; lastKnownFileType = sourcecode.c.objc; path = AppDelegate.m; sourceTree = "<group>"; };
		28039E291C71746A0073549B /* Assets.xcassets */ = {isa = PBXFileReference; lastKnownFileType = folder.assetcatalog; path = Assets.xcassets; sourceTree = "<group>"; };
		28039E2C1C71746A0073549B /* Base */ = {isa = PBXFileReference; lastKnownFileType = file.storyboard; name = Base; path = Base.lproj/LaunchScreen.storyboard; sourceTree = "<group>"; };
		28039E2E1C71746A0073549B /* Info.plist */ = {isa = PBXFileReference; lastKnownFileType = text.plist.xml; path = Info.plist; sourceTree = "<group>"; };
		28039E331C71746A0073549B /* CustomModelTests.xctest */ = {isa = PBXFileReference; explicitFileType = wrapper.cfbundle; includeInIndex = 0; path = CustomModelTests.xctest; sourceTree = BUILT_PRODUCTS_DIR; };
		28039E371C71746A0073549B /* CustomModelTests.m */ = {isa = PBXFileReference; lastKnownFileType = sourcecode.c.objc; path = CustomModelTests.m; sourceTree = "<group>"; };
		28039E391C71746A0073549B /* Info.plist */ = {isa = PBXFileReference; lastKnownFileType = text.plist.xml; path = Info.plist; sourceTree = "<group>"; };
		28039E3E1C71746A0073549B /* CustomModelUITests.xctest */ = {isa = PBXFileReference; explicitFileType = wrapper.cfbundle; includeInIndex = 0; path = CustomModelUITests.xctest; sourceTree = BUILT_PRODUCTS_DIR; };
		28039E421C71746A0073549B /* CustomModelUITests.m */ = {isa = PBXFileReference; lastKnownFileType = sourcecode.c.objc; path = CustomModelUITests.m; sourceTree = "<group>"; };
		28039E441C71746A0073549B /* Info.plist */ = {isa = PBXFileReference; lastKnownFileType = text.plist.xml; path = Info.plist; sourceTree = "<group>"; };
		28039E601C7175190073549B /* CMBaseViewController.h */ = {isa = PBXFileReference; fileEncoding = 4; lastKnownFileType = sourcecode.c.h; path = CMBaseViewController.h; sourceTree = "<group>"; };
		28039E611C7175190073549B /* CMBaseViewController.m */ = {isa = PBXFileReference; fileEncoding = 4; lastKnownFileType = sourcecode.c.objc; path = CMBaseViewController.m; sourceTree = "<group>"; };
		28039E631C7175310073549B /* CMHomeViewController.h */ = {isa = PBXFileReference; fileEncoding = 4; lastKnownFileType = sourcecode.c.h; path = CMHomeViewController.h; sourceTree = "<group>"; };
		28039E641C7175310073549B /* CMHomeViewController.m */ = {isa = PBXFileReference; fileEncoding = 4; lastKnownFileType = sourcecode.c.objc; path = CMHomeViewController.m; sourceTree = "<group>"; };
		28039E661C7177D90073549B /* CMTabBarController.h */ = {isa = PBXFileReference; fileEncoding = 4; lastKnownFileType = sourcecode.c.h; path = CMTabBarController.h; sourceTree = "<group>"; };
		28039E671C7177D90073549B /* CMTabBarController.m */ = {isa = PBXFileReference; fileEncoding = 4; lastKnownFileType = sourcecode.c.objc; path = CMTabBarController.m; sourceTree = "<group>"; };
		28039E6C1C71B3360073549B /* CMHomeCollectionView.h */ = {isa = PBXFileReference; fileEncoding = 4; lastKnownFileType = sourcecode.c.h; path = CMHomeCollectionView.h; sourceTree = "<group>"; };
		28039E6D1C71B3360073549B /* CMHomeCollectionView.m */ = {isa = PBXFileReference; fileEncoding = 4; lastKnownFileType = sourcecode.c.objc; path = CMHomeCollectionView.m; sourceTree = "<group>"; };
		28039E781C71BADC0073549B /* MKAnnotationView+WebCache.h */ = {isa = PBXFileReference; fileEncoding = 4; lastKnownFileType = sourcecode.c.h; path = "MKAnnotationView+WebCache.h"; sourceTree = "<group>"; };
		28039E791C71BADC0073549B /* MKAnnotationView+WebCache.m */ = {isa = PBXFileReference; fileEncoding = 4; lastKnownFileType = sourcecode.c.objc; path = "MKAnnotationView+WebCache.m"; sourceTree = "<group>"; };
		28039E7A1C71BADC0073549B /* NSData+ImageContentType.h */ = {isa = PBXFileReference; fileEncoding = 4; lastKnownFileType = sourcecode.c.h; path = "NSData+ImageContentType.h"; sourceTree = "<group>"; };
		28039E7B1C71BADC0073549B /* NSData+ImageContentType.m */ = {isa = PBXFileReference; fileEncoding = 4; lastKnownFileType = sourcecode.c.objc; path = "NSData+ImageContentType.m"; sourceTree = "<group>"; };
		28039E7C1C71BADC0073549B /* SDImageCache.h */ = {isa = PBXFileReference; fileEncoding = 4; lastKnownFileType = sourcecode.c.h; path = SDImageCache.h; sourceTree = "<group>"; };
		28039E7D1C71BADC0073549B /* SDImageCache.m */ = {isa = PBXFileReference; fileEncoding = 4; lastKnownFileType = sourcecode.c.objc; path = SDImageCache.m; sourceTree = "<group>"; };
		28039E7E1C71BADC0073549B /* SDWebImageCompat.h */ = {isa = PBXFileReference; fileEncoding = 4; lastKnownFileType = sourcecode.c.h; path = SDWebImageCompat.h; sourceTree = "<group>"; };
		28039E7F1C71BADC0073549B /* SDWebImageCompat.m */ = {isa = PBXFileReference; fileEncoding = 4; lastKnownFileType = sourcecode.c.objc; path = SDWebImageCompat.m; sourceTree = "<group>"; };
		28039E801C71BADC0073549B /* SDWebImageDecoder.h */ = {isa = PBXFileReference; fileEncoding = 4; lastKnownFileType = sourcecode.c.h; path = SDWebImageDecoder.h; sourceTree = "<group>"; };
		28039E811C71BADC0073549B /* SDWebImageDecoder.m */ = {isa = PBXFileReference; fileEncoding = 4; lastKnownFileType = sourcecode.c.objc; path = SDWebImageDecoder.m; sourceTree = "<group>"; };
		28039E821C71BADC0073549B /* SDWebImageDownloader.h */ = {isa = PBXFileReference; fileEncoding = 4; lastKnownFileType = sourcecode.c.h; path = SDWebImageDownloader.h; sourceTree = "<group>"; };
		28039E831C71BADC0073549B /* SDWebImageDownloader.m */ = {isa = PBXFileReference; fileEncoding = 4; lastKnownFileType = sourcecode.c.objc; path = SDWebImageDownloader.m; sourceTree = "<group>"; };
		28039E841C71BADC0073549B /* SDWebImageDownloaderOperation.h */ = {isa = PBXFileReference; fileEncoding = 4; lastKnownFileType = sourcecode.c.h; path = SDWebImageDownloaderOperation.h; sourceTree = "<group>"; };
		28039E851C71BADC0073549B /* SDWebImageDownloaderOperation.m */ = {isa = PBXFileReference; fileEncoding = 4; lastKnownFileType = sourcecode.c.objc; path = SDWebImageDownloaderOperation.m; sourceTree = "<group>"; };
		28039E861C71BADC0073549B /* SDWebImageManager.h */ = {isa = PBXFileReference; fileEncoding = 4; lastKnownFileType = sourcecode.c.h; path = SDWebImageManager.h; sourceTree = "<group>"; };
		28039E871C71BADC0073549B /* SDWebImageManager.m */ = {isa = PBXFileReference; fileEncoding = 4; lastKnownFileType = sourcecode.c.objc; path = SDWebImageManager.m; sourceTree = "<group>"; };
		28039E881C71BADC0073549B /* SDWebImageOperation.h */ = {isa = PBXFileReference; fileEncoding = 4; lastKnownFileType = sourcecode.c.h; path = SDWebImageOperation.h; sourceTree = "<group>"; };
		28039E891C71BADC0073549B /* SDWebImagePrefetcher.h */ = {isa = PBXFileReference; fileEncoding = 4; lastKnownFileType = sourcecode.c.h; path = SDWebImagePrefetcher.h; sourceTree = "<group>"; };
		28039E8A1C71BADC0073549B /* SDWebImagePrefetcher.m */ = {isa = PBXFileReference; fileEncoding = 4; lastKnownFileType = sourcecode.c.objc; path = SDWebImagePrefetcher.m; sourceTree = "<group>"; };
		28039E8B1C71BADC0073549B /* UIButton+WebCache.h */ = {isa = PBXFileReference; fileEncoding = 4; lastKnownFileType = sourcecode.c.h; path = "UIButton+WebCache.h"; sourceTree = "<group>"; };
		28039E8C1C71BADC0073549B /* UIButton+WebCache.m */ = {isa = PBXFileReference; fileEncoding = 4; lastKnownFileType = sourcecode.c.objc; path = "UIButton+WebCache.m"; sourceTree = "<group>"; };
		28039E8D1C71BADC0073549B /* UIImage+GIF.h */ = {isa = PBXFileReference; fileEncoding = 4; lastKnownFileType = sourcecode.c.h; path = "UIImage+GIF.h"; sourceTree = "<group>"; };
		28039E8E1C71BADC0073549B /* UIImage+GIF.m */ = {isa = PBXFileReference; fileEncoding = 4; lastKnownFileType = sourcecode.c.objc; path = "UIImage+GIF.m"; sourceTree = "<group>"; };
		28039E8F1C71BADC0073549B /* UIImage+MultiFormat.h */ = {isa = PBXFileReference; fileEncoding = 4; lastKnownFileType = sourcecode.c.h; path = "UIImage+MultiFormat.h"; sourceTree = "<group>"; };
		28039E901C71BADC0073549B /* UIImage+MultiFormat.m */ = {isa = PBXFileReference; fileEncoding = 4; lastKnownFileType = sourcecode.c.objc; path = "UIImage+MultiFormat.m"; sourceTree = "<group>"; };
		28039E911C71BADC0073549B /* UIImage+WebP.h */ = {isa = PBXFileReference; fileEncoding = 4; lastKnownFileType = sourcecode.c.h; path = "UIImage+WebP.h"; sourceTree = "<group>"; };
		28039E921C71BADC0073549B /* UIImage+WebP.m */ = {isa = PBXFileReference; fileEncoding = 4; lastKnownFileType = sourcecode.c.objc; path = "UIImage+WebP.m"; sourceTree = "<group>"; };
		28039E931C71BADC0073549B /* UIImageView+HighlightedWebCache.h */ = {isa = PBXFileReference; fileEncoding = 4; lastKnownFileType = sourcecode.c.h; path = "UIImageView+HighlightedWebCache.h"; sourceTree = "<group>"; };
		28039E941C71BADC0073549B /* UIImageView+HighlightedWebCache.m */ = {isa = PBXFileReference; fileEncoding = 4; lastKnownFileType = sourcecode.c.objc; path = "UIImageView+HighlightedWebCache.m"; sourceTree = "<group>"; };
		28039E951C71BADC0073549B /* UIImageView+WebCache.h */ = {isa = PBXFileReference; fileEncoding = 4; lastKnownFileType = sourcecode.c.h; path = "UIImageView+WebCache.h"; sourceTree = "<group>"; };
		28039E961C71BADC0073549B /* UIImageView+WebCache.m */ = {isa = PBXFileReference; fileEncoding = 4; lastKnownFileType = sourcecode.c.objc; path = "UIImageView+WebCache.m"; sourceTree = "<group>"; };
		28039E971C71BADC0073549B /* UIView+WebCacheOperation.h */ = {isa = PBXFileReference; fileEncoding = 4; lastKnownFileType = sourcecode.c.h; path = "UIView+WebCacheOperation.h"; sourceTree = "<group>"; };
		28039E981C71BADC0073549B /* UIView+WebCacheOperation.m */ = {isa = PBXFileReference; fileEncoding = 4; lastKnownFileType = sourcecode.c.objc; path = "UIView+WebCacheOperation.m"; sourceTree = "<group>"; };
		28039EAA1C71BB2A0073549B /* CMHomeCell.h */ = {isa = PBXFileReference; fileEncoding = 4; lastKnownFileType = sourcecode.c.h; path = CMHomeCell.h; sourceTree = "<group>"; };
		28039EAB1C71BB2A0073549B /* CMHomeCell.m */ = {isa = PBXFileReference; fileEncoding = 4; lastKnownFileType = sourcecode.c.objc; path = CMHomeCell.m; sourceTree = "<group>"; };
		28039EAD1C71C3430073549B /* CMHomeCellModel.h */ = {isa = PBXFileReference; fileEncoding = 4; lastKnownFileType = sourcecode.c.h; path = CMHomeCellModel.h; sourceTree = "<group>"; };
		28039EAE1C71C3430073549B /* CMHomeCellModel.m */ = {isa = PBXFileReference; fileEncoding = 4; lastKnownFileType = sourcecode.c.objc; path = CMHomeCellModel.m; sourceTree = "<group>"; };
/* End PBXFileReference section */

/* Begin PBXFrameworksBuildPhase section */
		28039E171C71746A0073549B /* Frameworks */ = {
			isa = PBXFrameworksBuildPhase;
			buildActionMask = 2147483647;
			files = (
			);
			runOnlyForDeploymentPostprocessing = 0;
		};
		28039E301C71746A0073549B /* Frameworks */ = {
			isa = PBXFrameworksBuildPhase;
			buildActionMask = 2147483647;
			files = (
			);
			runOnlyForDeploymentPostprocessing = 0;
		};
		28039E3B1C71746A0073549B /* Frameworks */ = {
			isa = PBXFrameworksBuildPhase;
			buildActionMask = 2147483647;
			files = (
			);
			runOnlyForDeploymentPostprocessing = 0;
		};
/* End PBXFrameworksBuildPhase section */

/* Begin PBXGroup section */
		28039E111C71746A0073549B = {
			isa = PBXGroup;
			children = (
				28039E1C1C71746A0073549B /* CustomModel */,
				28039E361C71746A0073549B /* CustomModelTests */,
				28039E411C71746A0073549B /* CustomModelUITests */,
				28039E1B1C71746A0073549B /* Products */,
			);
			sourceTree = "<group>";
		};
		28039E1B1C71746A0073549B /* Products */ = {
			isa = PBXGroup;
			children = (
				28039E1A1C71746A0073549B /* CustomModel.app */,
				28039E331C71746A0073549B /* CustomModelTests.xctest */,
				28039E3E1C71746A0073549B /* CustomModelUITests.xctest */,
			);
			name = Products;
			sourceTree = "<group>";
		};
		28039E1C1C71746A0073549B /* CustomModel */ = {
			isa = PBXGroup;
			children = (
				28039E501C7175030073549B /* CMBase */,
				28039E541C7175030073549B /* CMHome */,
				28039E581C7175030073549B /* CMRegisterAndLogin */,
				28039E5C1C7175030073549B /* CMSetting */,
				28039E6F1C71BABD0073549B /* CMCategory */,
				28039E731C71BABD0073549B /* CMThridParty */,
				28039E201C71746A0073549B /* AppDelegate.h */,
				28039E211C71746A0073549B /* AppDelegate.m */,
				28039E291C71746A0073549B /* Assets.xcassets */,
				28039E2B1C71746A0073549B /* LaunchScreen.storyboard */,
				28039E2E1C71746A0073549B /* Info.plist */,
				28039E1D1C71746A0073549B /* Supporting Files */,
			);
			path = CustomModel;
			sourceTree = "<group>";
		};
		28039E1D1C71746A0073549B /* Supporting Files */ = {
			isa = PBXGroup;
			children = (
				28039E1E1C71746A0073549B /* main.m */,
			);
			name = "Supporting Files";
			sourceTree = "<group>";
		};
		28039E361C71746A0073549B /* CustomModelTests */ = {
			isa = PBXGroup;
			children = (
				28039E371C71746A0073549B /* CustomModelTests.m */,
				28039E391C71746A0073549B /* Info.plist */,
			);
			path = CustomModelTests;
			sourceTree = "<group>";
		};
		28039E411C71746A0073549B /* CustomModelUITests */ = {
			isa = PBXGroup;
			children = (
				28039E421C71746A0073549B /* CustomModelUITests.m */,
				28039E441C71746A0073549B /* Info.plist */,
			);
			path = CustomModelUITests;
			sourceTree = "<group>";
		};
		28039E501C7175030073549B /* CMBase */ = {
			isa = PBXGroup;
			children = (
				28039E511C7175030073549B /* Controller */,
				28039E521C7175030073549B /* Model */,
				28039E531C7175030073549B /* View */,
			);
			path = CMBase;
			sourceTree = "<group>";
		};
		28039E511C7175030073549B /* Controller */ = {
			isa = PBXGroup;
			children = (
				28039E601C7175190073549B /* CMBaseViewController.h */,
				28039E611C7175190073549B /* CMBaseViewController.m */,
				28039E661C7177D90073549B /* CMTabBarController.h */,
				28039E671C7177D90073549B /* CMTabBarController.m */,
			);
			path = Controller;
			sourceTree = "<group>";
		};
		28039E521C7175030073549B /* Model */ = {
			isa = PBXGroup;
			children = (
			);
			path = Model;
			sourceTree = "<group>";
		};
		28039E531C7175030073549B /* View */ = {
			isa = PBXGroup;
			children = (
			);
			path = View;
			sourceTree = "<group>";
		};
		28039E541C7175030073549B /* CMHome */ = {
			isa = PBXGroup;
			children = (
				28039E551C7175030073549B /* Controller */,
				28039E561C7175030073549B /* Model */,
				28039E571C7175030073549B /* View */,
			);
			path = CMHome;
			sourceTree = "<group>";
		};
		28039E551C7175030073549B /* Controller */ = {
			isa = PBXGroup;
			children = (
				28039E631C7175310073549B /* CMHomeViewController.h */,
				28039E641C7175310073549B /* CMHomeViewController.m */,
			);
			path = Controller;
			sourceTree = "<group>";
		};
		28039E561C7175030073549B /* Model */ = {
			isa = PBXGroup;
			children = (
				28039EAD1C71C3430073549B /* CMHomeCellModel.h */,
				28039EAE1C71C3430073549B /* CMHomeCellModel.m */,
			);
			path = Model;
			sourceTree = "<group>";
		};
		28039E571C7175030073549B /* View */ = {
			isa = PBXGroup;
			children = (
				28039EA91C71BB0F0073549B /* Cell */,
				28039E6C1C71B3360073549B /* CMHomeCollectionView.h */,
				28039E6D1C71B3360073549B /* CMHomeCollectionView.m */,
			);
			path = View;
			sourceTree = "<group>";
		};
		28039E581C7175030073549B /* CMRegisterAndLogin */ = {
			isa = PBXGroup;
			children = (
				28039E591C7175030073549B /* Controller */,
				28039E5A1C7175030073549B /* Model */,
				28039E5B1C7175030073549B /* View */,
			);
			path = CMRegisterAndLogin;
			sourceTree = "<group>";
		};
		28039E591C7175030073549B /* Controller */ = {
			isa = PBXGroup;
			children = (
			);
			path = Controller;
			sourceTree = "<group>";
		};
		28039E5A1C7175030073549B /* Model */ = {
			isa = PBXGroup;
			children = (
			);
			path = Model;
			sourceTree = "<group>";
		};
		28039E5B1C7175030073549B /* View */ = {
			isa = PBXGroup;
			children = (
			);
			path = View;
			sourceTree = "<group>";
		};
		28039E5C1C7175030073549B /* CMSetting */ = {
			isa = PBXGroup;
			children = (
				28039E5D1C7175030073549B /* Controller */,
				28039E5E1C7175030073549B /* Model */,
				28039E5F1C7175030073549B /* View */,
			);
			path = CMSetting;
			sourceTree = "<group>";
		};
		28039E5D1C7175030073549B /* Controller */ = {
			isa = PBXGroup;
			children = (
			);
			path = Controller;
			sourceTree = "<group>";
		};
		28039E5E1C7175030073549B /* Model */ = {
			isa = PBXGroup;
			children = (
			);
			path = Model;
			sourceTree = "<group>";
		};
		28039E5F1C7175030073549B /* View */ = {
			isa = PBXGroup;
			children = (
			);
			path = View;
			sourceTree = "<group>";
		};
		28039E6F1C71BABD0073549B /* CMCategory */ = {
			isa = PBXGroup;
			children = (
				28039E701C71BABD0073549B /* Controller */,
				28039E711C71BABD0073549B /* Model */,
				28039E721C71BABD0073549B /* View */,
			);
			path = CMCategory;
			sourceTree = "<group>";
		};
		28039E701C71BABD0073549B /* Controller */ = {
			isa = PBXGroup;
			children = (
			);
			path = Controller;
			sourceTree = "<group>";
		};
		28039E711C71BABD0073549B /* Model */ = {
			isa = PBXGroup;
			children = (
			);
			path = Model;
			sourceTree = "<group>";
		};
		28039E721C71BABD0073549B /* View */ = {
			isa = PBXGroup;
			children = (
			);
			path = View;
			sourceTree = "<group>";
		};
		28039E731C71BABD0073549B /* CMThridParty */ = {
			isa = PBXGroup;
			children = (
				28039E741C71BABD0073549B /* Controller */,
				28039E751C71BABD0073549B /* Model */,
				28039E761C71BABD0073549B /* View */,
			);
			path = CMThridParty;
			sourceTree = "<group>";
		};
		28039E741C71BABD0073549B /* Controller */ = {
			isa = PBXGroup;
			children = (
			);
			path = Controller;
			sourceTree = "<group>";
		};
		28039E751C71BABD0073549B /* Model */ = {
			isa = PBXGroup;
			children = (
			);
			path = Model;
			sourceTree = "<group>";
		};
		28039E761C71BABD0073549B /* View */ = {
			isa = PBXGroup;
			children = (
				28039E771C71BADC0073549B /* SDWebImage */,
			);
			path = View;
			sourceTree = "<group>";
		};
		28039E771C71BADC0073549B /* SDWebImage */ = {
			isa = PBXGroup;
			children = (
				28039E781C71BADC0073549B /* MKAnnotationView+WebCache.h */,
				28039E791C71BADC0073549B /* MKAnnotationView+WebCache.m */,
				28039E7A1C71BADC0073549B /* NSData+ImageContentType.h */,
				28039E7B1C71BADC0073549B /* NSData+ImageContentType.m */,
				28039E7C1C71BADC0073549B /* SDImageCache.h */,
				28039E7D1C71BADC0073549B /* SDImageCache.m */,
				28039E7E1C71BADC0073549B /* SDWebImageCompat.h */,
				28039E7F1C71BADC0073549B /* SDWebImageCompat.m */,
				28039E801C71BADC0073549B /* SDWebImageDecoder.h */,
				28039E811C71BADC0073549B /* SDWebImageDecoder.m */,
				28039E821C71BADC0073549B /* SDWebImageDownloader.h */,
				28039E831C71BADC0073549B /* SDWebImageDownloader.m */,
				28039E841C71BADC0073549B /* SDWebImageDownloaderOperation.h */,
				28039E851C71BADC0073549B /* SDWebImageDownloaderOperation.m */,
				28039E861C71BADC0073549B /* SDWebImageManager.h */,
				28039E871C71BADC0073549B /* SDWebImageManager.m */,
				28039E881C71BADC0073549B /* SDWebImageOperation.h */,
				28039E891C71BADC0073549B /* SDWebImagePrefetcher.h */,
				28039E8A1C71BADC0073549B /* SDWebImagePrefetcher.m */,
				28039E8B1C71BADC0073549B /* UIButton+WebCache.h */,
				28039E8C1C71BADC0073549B /* UIButton+WebCache.m */,
				28039E8D1C71BADC0073549B /* UIImage+GIF.h */,
				28039E8E1C71BADC0073549B /* UIImage+GIF.m */,
				28039E8F1C71BADC0073549B /* UIImage+MultiFormat.h */,
				28039E901C71BADC0073549B /* UIImage+MultiFormat.m */,
				28039E911C71BADC0073549B /* UIImage+WebP.h */,
				28039E921C71BADC0073549B /* UIImage+WebP.m */,
				28039E931C71BADC0073549B /* UIImageView+HighlightedWebCache.h */,
				28039E941C71BADC0073549B /* UIImageView+HighlightedWebCache.m */,
				28039E951C71BADC0073549B /* UIImageView+WebCache.h */,
				28039E961C71BADC0073549B /* UIImageView+WebCache.m */,
				28039E971C71BADC0073549B /* UIView+WebCacheOperation.h */,
				28039E981C71BADC0073549B /* UIView+WebCacheOperation.m */,
			);
			path = SDWebImage;
			sourceTree = "<group>";
		};
		28039EA91C71BB0F0073549B /* Cell */ = {
			isa = PBXGroup;
			children = (
				28039EAA1C71BB2A0073549B /* CMHomeCell.h */,
				28039EAB1C71BB2A0073549B /* CMHomeCell.m */,
			);
			path = Cell;
			sourceTree = "<group>";
		};
/* End PBXGroup section */

/* Begin PBXNativeTarget section */
		28039E191C71746A0073549B /* CustomModel */ = {
			isa = PBXNativeTarget;
			buildConfigurationList = 28039E471C71746A0073549B /* Build configuration list for PBXNativeTarget "CustomModel" */;
			buildPhases = (
				28039E161C71746A0073549B /* Sources */,
				28039E171C71746A0073549B /* Frameworks */,
				28039E181C71746A0073549B /* Resources */,
			);
			buildRules = (
			);
			dependencies = (
			);
			name = CustomModel;
			productName = CustomModel;
			productReference = 28039E1A1C71746A0073549B /* CustomModel.app */;
			productType = "com.apple.product-type.application";
		};
		28039E321C71746A0073549B /* CustomModelTests */ = {
			isa = PBXNativeTarget;
			buildConfigurationList = 28039E4A1C71746A0073549B /* Build configuration list for PBXNativeTarget "CustomModelTests" */;
			buildPhases = (
				28039E2F1C71746A0073549B /* Sources */,
				28039E301C71746A0073549B /* Frameworks */,
				28039E311C71746A0073549B /* Resources */,
			);
			buildRules = (
			);
			dependencies = (
				28039E351C71746A0073549B /* PBXTargetDependency */,
			);
			name = CustomModelTests;
			productName = CustomModelTests;
			productReference = 28039E331C71746A0073549B /* CustomModelTests.xctest */;
			productType = "com.apple.product-type.bundle.unit-test";
		};
		28039E3D1C71746A0073549B /* CustomModelUITests */ = {
			isa = PBXNativeTarget;
			buildConfigurationList = 28039E4D1C71746A0073549B /* Build configuration list for PBXNativeTarget "CustomModelUITests" */;
			buildPhases = (
				28039E3A1C71746A0073549B /* Sources */,
				28039E3B1C71746A0073549B /* Frameworks */,
				28039E3C1C71746A0073549B /* Resources */,
			);
			buildRules = (
			);
			dependencies = (
				28039E401C71746A0073549B /* PBXTargetDependency */,
			);
			name = CustomModelUITests;
			productName = CustomModelUITests;
			productReference = 28039E3E1C71746A0073549B /* CustomModelUITests.xctest */;
			productType = "com.apple.product-type.bundle.ui-testing";
		};
/* End PBXNativeTarget section */

/* Begin PBXProject section */
		28039E121C71746A0073549B /* Project object */ = {
			isa = PBXProject;
			attributes = {
				LastUpgradeCheck = 0720;
				ORGANIZATIONNAME = "郭毅";
				TargetAttributes = {
					28039E191C71746A0073549B = {
						CreatedOnToolsVersion = 7.2;
					};
					28039E321C71746A0073549B = {
						CreatedOnToolsVersion = 7.2;
						TestTargetID = 28039E191C71746A0073549B;
					};
					28039E3D1C71746A0073549B = {
						CreatedOnToolsVersion = 7.2;
						TestTargetID = 28039E191C71746A0073549B;
					};
				};
			};
			buildConfigurationList = 28039E151C71746A0073549B /* Build configuration list for PBXProject "CustomModel" */;
			compatibilityVersion = "Xcode 3.2";
			developmentRegion = English;
			hasScannedForEncodings = 0;
			knownRegions = (
				en,
				Base,
			);
			mainGroup = 28039E111C71746A0073549B;
			productRefGroup = 28039E1B1C71746A0073549B /* Products */;
			projectDirPath = "";
			projectRoot = "";
			targets = (
				28039E191C71746A0073549B /* CustomModel */,
				28039E321C71746A0073549B /* CustomModelTests */,
				28039E3D1C71746A0073549B /* CustomModelUITests */,
			);
		};
/* End PBXProject section */

/* Begin PBXResourcesBuildPhase section */
		28039E181C71746A0073549B /* Resources */ = {
			isa = PBXResourcesBuildPhase;
			buildActionMask = 2147483647;
			files = (
				28039E2D1C71746A0073549B /* LaunchScreen.storyboard in Resources */,
				28039E2A1C71746A0073549B /* Assets.xcassets in Resources */,
			);
			runOnlyForDeploymentPostprocessing = 0;
		};
		28039E311C71746A0073549B /* Resources */ = {
			isa = PBXResourcesBuildPhase;
			buildActionMask = 2147483647;
			files = (
			);
			runOnlyForDeploymentPostprocessing = 0;
		};
		28039E3C1C71746A0073549B /* Resources */ = {
			isa = PBXResourcesBuildPhase;
			buildActionMask = 2147483647;
			files = (
			);
			runOnlyForDeploymentPostprocessing = 0;
		};
/* End PBXResourcesBuildPhase section */

/* Begin PBXSourcesBuildPhase section */
		28039E161C71746A0073549B /* Sources */ = {
			isa = PBXSourcesBuildPhase;
			buildActionMask = 2147483647;
			files = (
				28039E221C71746A0073549B /* AppDelegate.m in Sources */,
				28039EAC1C71BB2A0073549B /* CMHomeCell.m in Sources */,
				28039EA01C71BADC0073549B /* SDWebImageManager.m in Sources */,
				28039E9B1C71BADC0073549B /* SDImageCache.m in Sources */,
				28039E9F1C71BADC0073549B /* SDWebImageDownloaderOperation.m in Sources */,
				28039EA81C71BADC0073549B /* UIView+WebCacheOperation.m in Sources */,
				28039EAF1C71C3430073549B /* CMHomeCellModel.m in Sources */,
				28039E651C7175310073549B /* CMHomeViewController.m in Sources */,
				28039EA21C71BADC0073549B /* UIButton+WebCache.m in Sources */,
				28039E9A1C71BADC0073549B /* NSData+ImageContentType.m in Sources */,
				28039EA11C71BADC0073549B /* SDWebImagePrefetcher.m in Sources */,
				28039E9E1C71BADC0073549B /* SDWebImageDownloader.m in Sources */,
				28039E681C7177D90073549B /* CMTabBarController.m in Sources */,
				28039EA51C71BADC0073549B /* UIImage+WebP.m in Sources */,
				28039EA71C71BADC0073549B /* UIImageView+WebCache.m in Sources */,
				28039E9D1C71BADC0073549B /* SDWebImageDecoder.m in Sources */,
				28039E6E1C71B3360073549B /* CMHomeCollectionView.m in Sources */,
				28039E991C71BADC0073549B /* MKAnnotationView+WebCache.m in Sources */,
				28039E9C1C71BADC0073549B /* SDWebImageCompat.m in Sources */,
				28039E1F1C71746A0073549B /* main.m in Sources */,
				28039E621C7175190073549B /* CMBaseViewController.m in Sources */,
				28039EA41C71BADC0073549B /* UIImage+MultiFormat.m in Sources */,
				28039EA61C71BADC0073549B /* UIImageView+HighlightedWebCache.m in Sources */,
				28039EA31C71BADC0073549B /* UIImage+GIF.m in Sources */,
			);
			runOnlyForDeploymentPostprocessing = 0;
		};
		28039E2F1C71746A0073549B /* Sources */ = {
			isa = PBXSourcesBuildPhase;
			buildActionMask = 2147483647;
			files = (
				28039E381C71746A0073549B /* CustomModelTests.m in Sources */,
			);
			runOnlyForDeploymentPostprocessing = 0;
		};
		28039E3A1C71746A0073549B /* Sources */ = {
			isa = PBXSourcesBuildPhase;
			buildActionMask = 2147483647;
			files = (
				28039E431C71746A0073549B /* CustomModelUITests.m in Sources */,
			);
			runOnlyForDeploymentPostprocessing = 0;
		};
/* End PBXSourcesBuildPhase section */

/* Begin PBXTargetDependency section */
		28039E351C71746A0073549B /* PBXTargetDependency */ = {
			isa = PBXTargetDependency;
			target = 28039E191C71746A0073549B /* CustomModel */;
			targetProxy = 28039E341C71746A0073549B /* PBXContainerItemProxy */;
		};
		28039E401C71746A0073549B /* PBXTargetDependency */ = {
			isa = PBXTargetDependency;
			target = 28039E191C71746A0073549B /* CustomModel */;
			targetProxy = 28039E3F1C71746A0073549B /* PBXContainerItemProxy */;
		};
/* End PBXTargetDependency section */

/* Begin PBXVariantGroup section */
		28039E2B1C71746A0073549B /* LaunchScreen.storyboard */ = {
			isa = PBXVariantGroup;
			children = (
				28039E2C1C71746A0073549B /* Base */,
			);
			name = LaunchScreen.storyboard;
			sourceTree = "<group>";
		};
/* End PBXVariantGroup section */

/* Begin XCBuildConfiguration section */
		28039E451C71746A0073549B /* Debug */ = {
			isa = XCBuildConfiguration;
			buildSettings = {
				ALWAYS_SEARCH_USER_PATHS = NO;
				CLANG_CXX_LANGUAGE_STANDARD = "gnu++0x";
				CLANG_CXX_LIBRARY = "libc++";
				CLANG_ENABLE_MODULES = YES;
				CLANG_ENABLE_OBJC_ARC = YES;
				CLANG_WARN_BOOL_CONVERSION = YES;
				CLANG_WARN_CONSTANT_CONVERSION = YES;
				CLANG_WARN_DIRECT_OBJC_ISA_USAGE = YES_ERROR;
				CLANG_WARN_EMPTY_BODY = YES;
				CLANG_WARN_ENUM_CONVERSION = YES;
				CLANG_WARN_INT_CONVERSION = YES;
				CLANG_WARN_OBJC_ROOT_CLASS = YES_ERROR;
				CLANG_WARN_UNREACHABLE_CODE = YES;
				CLANG_WARN__DUPLICATE_METHOD_MATCH = YES;
				"CODE_SIGN_IDENTITY[sdk=iphoneos*]" = "iPhone Developer";
				COPY_PHASE_STRIP = NO;
				DEBUG_INFORMATION_FORMAT = dwarf;
				ENABLE_STRICT_OBJC_MSGSEND = YES;
				ENABLE_TESTABILITY = YES;
				GCC_C_LANGUAGE_STANDARD = gnu99;
				GCC_DYNAMIC_NO_PIC = NO;
				GCC_NO_COMMON_BLOCKS = YES;
				GCC_OPTIMIZATION_LEVEL = 0;
				GCC_PREPROCESSOR_DEFINITIONS = (
					"DEBUG=1",
					"$(inherited)",
				);
				GCC_WARN_64_TO_32_BIT_CONVERSION = YES;
				GCC_WARN_ABOUT_RETURN_TYPE = YES_ERROR;
				GCC_WARN_UNDECLARED_SELECTOR = YES;
				GCC_WARN_UNINITIALIZED_AUTOS = YES_AGGRESSIVE;
				GCC_WARN_UNUSED_FUNCTION = YES;
				GCC_WARN_UNUSED_VARIABLE = YES;
				IPHONEOS_DEPLOYMENT_TARGET = 9.2;
				MTL_ENABLE_DEBUG_INFO = YES;
				ONLY_ACTIVE_ARCH = YES;
				SDKROOT = iphoneos;
				TARGETED_DEVICE_FAMILY = "1,2";
			};
			name = Debug;
		};
		28039E461C71746A0073549B /* Release */ = {
			isa = XCBuildConfiguration;
			buildSettings = {
				ALWAYS_SEARCH_USER_PATHS = NO;
				CLANG_CXX_LANGUAGE_STANDARD = "gnu++0x";
				CLANG_CXX_LIBRARY = "libc++";
				CLANG_ENABLE_MODULES = YES;
				CLANG_ENABLE_OBJC_ARC = YES;
				CLANG_WARN_BOOL_CONVERSION = YES;
				CLANG_WARN_CONSTANT_CONVERSION = YES;
				CLANG_WARN_DIRECT_OBJC_ISA_USAGE = YES_ERROR;
				CLANG_WARN_EMPTY_BODY = YES;
				CLANG_WARN_ENUM_CONVERSION = YES;
				CLANG_WARN_INT_CONVERSION = YES;
				CLANG_WARN_OBJC_ROOT_CLASS = YES_ERROR;
				CLANG_WARN_UNREACHABLE_CODE = YES;
				CLANG_WARN__DUPLICATE_METHOD_MATCH = YES;
				"CODE_SIGN_IDENTITY[sdk=iphoneos*]" = "iPhone Developer";
				COPY_PHASE_STRIP = NO;
				DEBUG_INFORMATION_FORMAT = "dwarf-with-dsym";
				ENABLE_NS_ASSERTIONS = NO;
				ENABLE_STRICT_OBJC_MSGSEND = YES;
				GCC_C_LANGUAGE_STANDARD = gnu99;
				GCC_NO_COMMON_BLOCKS = YES;
				GCC_WARN_64_TO_32_BIT_CONVERSION = YES;
				GCC_WARN_ABOUT_RETURN_TYPE = YES_ERROR;
				GCC_WARN_UNDECLARED_SELECTOR = YES;
				GCC_WARN_UNINITIALIZED_AUTOS = YES_AGGRESSIVE;
				GCC_WARN_UNUSED_FUNCTION = YES;
				GCC_WARN_UNUSED_VARIABLE = YES;
				IPHONEOS_DEPLOYMENT_TARGET = 9.2;
				MTL_ENABLE_DEBUG_INFO = NO;
				SDKROOT = iphoneos;
				TARGETED_DEVICE_FAMILY = "1,2";
				VALIDATE_PRODUCT = YES;
			};
			name = Release;
		};
		28039E481C71746A0073549B /* Debug */ = {
			isa = XCBuildConfiguration;
			buildSettings = {
				ASSETCATALOG_COMPILER_APPICON_NAME = AppIcon;
				INFOPLIST_FILE = CustomModel/Info.plist;
				IPHONEOS_DEPLOYMENT_TARGET = 8.0;
				LD_RUNPATH_SEARCH_PATHS = "$(inherited) @executable_path/Frameworks";
				PRODUCT_BUNDLE_IDENTIFIER = com.guoyi.CustomModel;
				PRODUCT_NAME = "$(TARGET_NAME)";
			};
			name = Debug;
		};
		28039E491C71746A0073549B /* Release */ = {
			isa = XCBuildConfiguration;
			buildSettings = {
				ASSETCATALOG_COMPILER_APPICON_NAME = AppIcon;
				INFOPLIST_FILE = CustomModel/Info.plist;
				IPHONEOS_DEPLOYMENT_TARGET = 8.0;
				LD_RUNPATH_SEARCH_PATHS = "$(inherited) @executable_path/Frameworks";
				PRODUCT_BUNDLE_IDENTIFIER = com.guoyi.CustomModel;
				PRODUCT_NAME = "$(TARGET_NAME)";
			};
			name = Release;
		};
		28039E4B1C71746A0073549B /* Debug */ = {
			isa = XCBuildConfiguration;
			buildSettings = {
				BUNDLE_LOADER = "$(TEST_HOST)";
				INFOPLIST_FILE = CustomModelTests/Info.plist;
				LD_RUNPATH_SEARCH_PATHS = "$(inherited) @executable_path/Frameworks @loader_path/Frameworks";
				PRODUCT_BUNDLE_IDENTIFIER = com.guoyi.CustomModelTests;
				PRODUCT_NAME = "$(TARGET_NAME)";
				TEST_HOST = "$(BUILT_PRODUCTS_DIR)/CustomModel.app/CustomModel";
			};
			name = Debug;
		};
		28039E4C1C71746A0073549B /* Release */ = {
			isa = XCBuildConfiguration;
			buildSettings = {
				BUNDLE_LOADER = "$(TEST_HOST)";
				INFOPLIST_FILE = CustomModelTests/Info.plist;
				LD_RUNPATH_SEARCH_PATHS = "$(inherited) @executable_path/Frameworks @loader_path/Frameworks";
				PRODUCT_BUNDLE_IDENTIFIER = com.guoyi.CustomModelTests;
				PRODUCT_NAME = "$(TARGET_NAME)";
				TEST_HOST = "$(BUILT_PRODUCTS_DIR)/CustomModel.app/CustomModel";
			};
			name = Release;
		};
		28039E4E1C71746A0073549B /* Debug */ = {
			isa = XCBuildConfiguration;
			buildSettings = {
				INFOPLIST_FILE = CustomModelUITests/Info.plist;
				LD_RUNPATH_SEARCH_PATHS = "$(inherited) @executable_path/Frameworks @loader_path/Frameworks";
				PRODUCT_BUNDLE_IDENTIFIER = com.guoyi.CustomModelUITests;
				PRODUCT_NAME = "$(TARGET_NAME)";
				TEST_TARGET_NAME = CustomModel;
				USES_XCTRUNNER = YES;
			};
			name = Debug;
		};
		28039E4F1C71746A0073549B /* Release */ = {
			isa = XCBuildConfiguration;
			buildSettings = {
				INFOPLIST_FILE = CustomModelUITests/Info.plist;
				LD_RUNPATH_SEARCH_PATHS = "$(inherited) @executable_path/Frameworks @loader_path/Frameworks";
				PRODUCT_BUNDLE_IDENTIFIER = com.guoyi.CustomModelUITests;
				PRODUCT_NAME = "$(TARGET_NAME)";
				TEST_TARGET_NAME = CustomModel;
				USES_XCTRUNNER = YES;
			};
			name = Release;
		};
/* End XCBuildConfiguration section */

/* Begin XCConfigurationList section */
		28039E151C71746A0073549B /* Build configuration list for PBXProject "CustomModel" */ = {
			isa = XCConfigurationList;
			buildConfigurations = (
				28039E451C71746A0073549B /* Debug */,
				28039E461C71746A0073549B /* Release */,
			);
			defaultConfigurationIsVisible = 0;
			defaultConfigurationName = Release;
		};
		28039E471C71746A0073549B /* Build configuration list for PBXNativeTarget "CustomModel" */ = {
			isa = XCConfigurationList;
			buildConfigurations = (
				28039E481C71746A0073549B /* Debug */,
				28039E491C71746A0073549B /* Release */,
			);
			defaultConfigurationIsVisible = 0;
		};
		28039E4A1C71746A0073549B /* Build configuration list for PBXNativeTarget "CustomModelTests" */ = {
			isa = XCConfigurationList;
			buildConfigurations = (
				28039E4B1C71746A0073549B /* Debug */,
				28039E4C1C71746A0073549B /* Release */,
			);
			defaultConfigurationIsVisible = 0;
		};
		28039E4D1C71746A0073549B /* Build configuration list for PBXNativeTarget "CustomModelUITests" */ = {
			isa = XCConfigurationList;
			buildConfigurations = (
				28039E4E1C71746A0073549B /* Debug */,
				28039E4F1C71746A0073549B /* Release */,
			);
			defaultConfigurationIsVisible = 0;
		};
/* End XCConfigurationList section */
	};
	rootObject = 28039E121C71746A0073549B /* Project object */;
}
